
Microsoft Visual Studio Solution File, Format Version 12.00
# Visual Studio Version 17
VisualStudioVersion = 17.4.33213.308
MinimumVisualStudioVersion = 10.0.40219.1
Project("{9A19103F-16F7-4668-BE54-9A1E7A4F7556}") = "01.UsdToBgn", "01.UsdToBgn\01.UsdToBgn.csproj", "{F1A704C1-3870-4C8D-BC04-AA4408A7B5D8}"
EndProject
Project("{9A19103F-16F7-4668-BE54-9A1E7A4F7556}") = "02.RadiansToDegrees", "02.RadiansToDegrees\02.RadiansToDegrees.csproj", "{91DD30A5-BB37-4A24-B29C-00B20A637C88}"
EndProject
Project("{9A19103F-16F7-4668-BE54-9A1E7A4F7556}") = "03.DepositCalculator", "03.DepositCalculator\03.DepositCalculator.csproj", "{7EA666AC-796F-441D-A7AD-6C6E66004ADF}"
EndProject
Project("{9A19103F-16F7-4668-BE54-9A1E7A4F7556}") = "04.VacationBooksList", "04.VacationBooksList\04.VacationBooksList.csproj", "{36621A8B-D84E-45CC-9E4B-8E04015D3253}"
EndProject
Project("{9A19103F-16F7-4668-BE54-9A1E7A4F7556}") = "05.SuppliesForSchool", "05.SuppliesForSchool\05.SuppliesForSchool.csproj", "{B86D7C77-0794-4D17-A528-7947ECE67586}"
EndProject
Project("{9A19103F-16F7-4668-BE54-9A1E7A4F7556}") = "06.Repainting", "07.Repainting\06.Repainting.csproj", "{D4A17593-4D75-4A69-B1A2-572FE155567E}"
EndProject
Project("{FAE04EC0-301F-11D3-BF4B-00C04F79EFBC}") = "07.FoodDelivery", "07.FoodDelivery\07.FoodDelivery.csproj", "{9E9D7D24-2E87-45F2-AAFB-8A5F7AA8BACB}"
EndProject
Project("{FAE04EC0-301F-11D3-BF4B-00C04F79EFBC}") = "08.BasketballEquipment", "08.BasketballEquipment\08.BasketballEquipment.csproj", "{981CC33C-E26A-4180-9FD0-F38CC8B4B386}"
EndProject
Project("{FAE04EC0-301F-11D3-BF4B-00C04F79EFBC}") = "09.FishTank", "09.FishTank\09.FishTank.csproj", "{0785B1D5-99B1-4E48-B169-460C457C5762}"
EndProject
Global
	GlobalSection(SolutionConfigurationPlatforms) = preSolution
		Debug|Any CPU = Debug|Any CPU
		Release|Any CPU = Release|Any CPU
	EndGlobalSection
	GlobalSection(ProjectConfigurationPlatforms) = postSolution
		{F1A704C1-3870-4C8D-BC04-AA4408A7B5D8}.Debug|Any CPU.ActiveCfg = Debug|Any CPU
		{F1A704C1-3870-4C8D-BC04-AA4408A7B5D8}.Debug|Any CPU.Build.0 = Debug|Any CPU
		{F1A704C1-3870-4C8D-BC04-AA4408A7B5D8}.Release|Any CPU.ActiveCfg = Release|Any CPU
		{F1A704C1-3870-4C8D-BC04-AA4408A7B5D8}.Release|Any CPU.Build.0 = Release|Any CPU
		{91DD30A5-BB37-4A24-B29C-00B20A637C88}.Debug|Any CPU.ActiveCfg = Debug|Any CPU
		{91DD30A5-BB37-4A24-B29C-00B20A637C88}.Debug|Any CPU.Build.0 = Debug|Any CPU
		{91DD30A5-BB37-4A24-B29C-00B20A637C88}.Release|Any CPU.ActiveCfg = Release|Any CPU
		{91DD30A5-BB37-4A24-B29C-00B20A637C88}.Release|Any CPU.Build.0 = Release|Any CPU
		{7EA666AC-796F-441D-A7AD-6C6E66004ADF}.Debug|Any CPU.ActiveCfg = Debug|Any CPU
		{7EA666AC-796F-441D-A7AD-6C6E66004ADF}.Debug|Any CPU.Build.0 = Debug|Any CPU
		{7EA666AC-796F-441D-A7AD-6C6E66004ADF}.Release|Any CPU.ActiveCfg = Release|Any CPU
		{7EA666AC-796F-441D-A7AD-6C6E66004ADF}.Release|Any CPU.Build.0 = Release|Any CPU
		{36621A8B-D84E-45CC-9E4B-8E04015D3253}.Debug|Any CPU.ActiveCfg = Debug|Any CPU
		{36621A8B-D84E-45CC-9E4B-8E04015D3253}.Debug|Any CPU.Build.0 = Debug|Any CPU
		{36621A8B-D84E-45CC-9E4B-8E04015D3253}.Release|Any CPU.ActiveCfg = Release|Any CPU
		{36621A8B-D84E-45CC-9E4B-8E04015D3253}.Release|Any CPU.Build.0 = Release|Any CPU
		{B86D7C77-0794-4D17-A528-7947ECE67586}.Debug|Any CPU.ActiveCfg = Debug|Any CPU
		{B86D7C77-0794-4D17-A528-7947ECE67586}.Debug|Any CPU.Build.0 = Debug|Any CPU
		{B86D7C77-0794-4D17-A528-7947ECE67586}.Release|Any CPU.ActiveCfg = Release|Any CPU
		{B86D7C77-0794-4D17-A528-7947ECE67586}.Release|Any CPU.Build.0 = Release|Any CPU
		{D4A17593-4D75-4A69-B1A2-572FE155567E}.Debug|Any CPU.ActiveCfg = Debug|Any CPU
		{D4A17593-4D75-4A69-B1A2-572FE155567E}.Debug|Any CPU.Build.0 = Debug|Any CPU
		{D4A17593-4D75-4A69-B1A2-572FE155567E}.Release|Any CPU.ActiveCfg = Release|Any CPU
		{D4A17593-4D75-4A69-B1A2-572FE155567E}.Release|Any CPU.Build.0 = Release|Any CPU
		{9E9D7D24-2E87-45F2-AAFB-8A5F7AA8BACB}.Debug|Any CPU.ActiveCfg = Debug|Any CPU
		{9E9D7D24-2E87-45F2-AAFB-8A5F7AA8BACB}.Debug|Any CPU.Build.0 = Debug|Any CPU
		{9E9D7D24-2E87-45F2-AAFB-8A5F7AA8BACB}.Release|Any CPU.ActiveCfg = Release|Any CPU
		{9E9D7D24-2E87-45F2-AAFB-8A5F7AA8BACB}.Release|Any CPU.Build.0 = Release|Any CPU
		{981CC33C-E26A-4180-9FD0-F38CC8B4B386}.Debug|Any CPU.ActiveCfg = Debug|Any CPU
		{981CC33C-E26A-4180-9FD0-F38CC8B4B386}.Debug|Any CPU.Build.0 = Debug|Any CPU
		{981CC33C-E26A-4180-9FD0-F38CC8B4B386}.Release|Any CPU.ActiveCfg = Release|Any CPU
		{981CC33C-E26A-4180-9FD0-F38CC8B4B386}.Release|Any CPU.Build.0 = Release|Any CPU
		{0785B1D5-99B1-4E48-B169-460C457C5762}.Debug|Any CPU.ActiveCfg = Debug|Any CPU
		{0785B1D5-99B1-4E48-B169-460C457C5762}.Debug|Any CPU.Build.0 = Debug|Any CPU
		{0785B1D5-99B1-4E48-B169-460C457C5762}.Release|Any CPU.ActiveCfg = Release|Any CPU
		{0785B1D5-99B1-4E48-B169-460C457C5762}.Release|Any CPU.Build.0 = Release|Any CPU
	EndGlobalSection
	GlobalSection(SolutionProperties) = preSolution
		HideSolutionNode = FALSE
	EndGlobalSection
	GlobalSection(ExtensibilityGlobals) = postSolution
		SolutionGuid = {5A2893E4-D93B-40E6-91E7-1C720AF69DC9}
	EndGlobalSection
EndGlobal
